
Microsoft Visual Studio Solution File, Format Version 12.00
# Visual Studio Version 17
VisualStudioVersion = 17.5.33424.131
MinimumVisualStudioVersion = 10.0.40219.1
Project("{2150E333-8FDC-42A3-9474-1A3956D46DE8}") = "Solution", "Solution", "{BA7EE154-0208-43F9-84A0-3E28E8244988}"
	ProjectSection(SolutionItems) = preProject
		..\README.md = ..\README.md
	EndProjectSection
EndProject
Project("{9A19103F-16F7-4668-BE54-9A1E7A4F7556}") = "HybridRedisCache", "HybridRedisCache\HybridRedisCache.csproj", "{432284F0-2372-4450-BC53-3E937F0A791E}"
EndProject
Project("{9A19103F-16F7-4668-BE54-9A1E7A4F7556}") = "HybridRedisCache.Test", "HybridRedisCache.Test\HybridRedisCache.Test.csproj", "{4CD0A0E3-3525-41C8-A41E-F1BEC45DA34E}"
EndProject
Project("{9A19103F-16F7-4668-BE54-9A1E7A4F7556}") = "HybridRedisCache.Sample.Console", "HybridRedisCache.Sample\HybridRedisCache.Sample.Console.csproj", "{0ED2EAAA-44D8-436F-94E8-DFC9956834E2}"
EndProject
Project("{FAE04EC0-301F-11D3-BF4B-00C04F79EFBC}") = "HybirdRedisCache.Sample.WebAPI", "HybirdRedisCache.Sample.WebAPI\HybirdRedisCache.Sample.WebAPI.csproj", "{DEBD64D6-F545-41F2-BBAD-EE3092ABFC8C}"
EndProject
Project("{FAE04EC0-301F-11D3-BF4B-00C04F79EFBC}") = "HybridRedisCache.Benchmark", "HybridRedisCache.Benchmark\HybridRedisCache.Benchmark.csproj", "{B5779281-F9B0-4758-B68A-02E5850D272D}"
EndProject
Global
	GlobalSection(SolutionConfigurationPlatforms) = preSolution
		Debug|Any CPU = Debug|Any CPU
		Release|Any CPU = Release|Any CPU
	EndGlobalSection
	GlobalSection(ProjectConfigurationPlatforms) = postSolution
		{432284F0-2372-4450-BC53-3E937F0A791E}.Debug|Any CPU.ActiveCfg = Debug|Any CPU
		{432284F0-2372-4450-BC53-3E937F0A791E}.Debug|Any CPU.Build.0 = Debug|Any CPU
		{432284F0-2372-4450-BC53-3E937F0A791E}.Release|Any CPU.ActiveCfg = Release|Any CPU
		{432284F0-2372-4450-BC53-3E937F0A791E}.Release|Any CPU.Build.0 = Release|Any CPU
		{4CD0A0E3-3525-41C8-A41E-F1BEC45DA34E}.Debug|Any CPU.ActiveCfg = Debug|Any CPU
		{4CD0A0E3-3525-41C8-A41E-F1BEC45DA34E}.Debug|Any CPU.Build.0 = Debug|Any CPU
		{4CD0A0E3-3525-41C8-A41E-F1BEC45DA34E}.Release|Any CPU.ActiveCfg = Release|Any CPU
		{4CD0A0E3-3525-41C8-A41E-F1BEC45DA34E}.Release|Any CPU.Build.0 = Release|Any CPU
		{0ED2EAAA-44D8-436F-94E8-DFC9956834E2}.Debug|Any CPU.ActiveCfg = Debug|Any CPU
		{0ED2EAAA-44D8-436F-94E8-DFC9956834E2}.Debug|Any CPU.Build.0 = Debug|Any CPU
		{0ED2EAAA-44D8-436F-94E8-DFC9956834E2}.Release|Any CPU.ActiveCfg = Release|Any CPU
		{0ED2EAAA-44D8-436F-94E8-DFC9956834E2}.Release|Any CPU.Build.0 = Release|Any CPU
		{DEBD64D6-F545-41F2-BBAD-EE3092ABFC8C}.Debug|Any CPU.ActiveCfg = Debug|Any CPU
		{DEBD64D6-F545-41F2-BBAD-EE3092ABFC8C}.Debug|Any CPU.Build.0 = Debug|Any CPU
		{DEBD64D6-F545-41F2-BBAD-EE3092ABFC8C}.Release|Any CPU.ActiveCfg = Release|Any CPU
		{DEBD64D6-F545-41F2-BBAD-EE3092ABFC8C}.Release|Any CPU.Build.0 = Release|Any CPU
		{B5779281-F9B0-4758-B68A-02E5850D272D}.Debug|Any CPU.ActiveCfg = Debug|Any CPU
		{B5779281-F9B0-4758-B68A-02E5850D272D}.Debug|Any CPU.Build.0 = Debug|Any CPU
		{B5779281-F9B0-4758-B68A-02E5850D272D}.Release|Any CPU.ActiveCfg = Release|Any CPU
		{B5779281-F9B0-4758-B68A-02E5850D272D}.Release|Any CPU.Build.0 = Release|Any CPU
	EndGlobalSection
	GlobalSection(SolutionProperties) = preSolution
		HideSolutionNode = FALSE
	EndGlobalSection
	GlobalSection(ExtensibilityGlobals) = postSolution
		SolutionGuid = {49D212C4-799A-4DF8-9EED-9B61A8B206B5}
	EndGlobalSection
EndGlobal
